{
  "projects": [
    {
      "projectId": "xjJmhphuHcHSM5opr8Lg1q",
      "version": "latest",
      "dependencies": {},
      "lang": "js",
      "fileLocks": [
        {
          "type": "globalVariant",
          "assetId": "1YHSe8CGNtxT",
          "checksum": "19822f5af7f266e4ec93300b42511315"
        },
        {
          "assetId": "xjJmhphuHcHSM5opr8Lg1q",
          "type": "projectCss",
          "checksum": "ada4d42955d2043e1f6471a174b6ff80"
        },
        {
          "assetId": "xjJmhphuHcHSM5opr8Lg1q",
          "checksum": "21ef3183073625d73c0d8209cf07cbfb",
          "type": "projectModule"
        },
        {
          "assetId": "xjJmhphuHcHSM5opr8Lg1q",
          "checksum": "51ce4a2a9ee801b0a8696c245ce0b101",
          "type": "styleTokensProvider"
        },
        {
          "type": "renderModule",
          "assetId": "VSGgb2kt-DF_",
          "checksum": "e21a689b50c894e801ff5a507a1f3014"
        },
        {
          "type": "cssRules",
          "assetId": "VSGgb2kt-DF_",
          "checksum": "e21a689b50c894e801ff5a507a1f3014"
        },
        {
          "type": "image",
          "assetId": "NR5H8AnzDNd7",
          "checksum": "307d2d6266a276b12727809e3e5c8409"
        },
        {
          "type": "image",
          "assetId": "pxdOJd_2QnBF",
          "checksum": "9586dd98ff9bfa576caac6bb4c85869e"
        }
      ],
      "codegenVersion": "0.0.2"
    }
  ],
  "cliVersion": "0.1.342"
}
