{
  "projects": [
    {
      "projectId": "xjJmhphuHcHSM5opr8Lg1q",
      "version": "latest",
      "dependencies": {},
      "lang": "js",
      "fileLocks": [
        {
          "type": "globalVariant",
          "assetId": "1YHSe8CGNtxT",
          "checksum": "19822f5af7f266e4ec93300b42511315"
        },
        {
          "assetId": "xjJmhphuHcHSM5opr8Lg1q",
          "checksum": "21ef3183073625d73c0d8209cf07cbfb",
          "type": "projectModule"
        },
        {
          "assetId": "xjJmhphuHcHSM5opr8Lg1q",
          "checksum": "51ce4a2a9ee801b0a8696c245ce0b101",
          "type": "styleTokensProvider"
        },
        {
          "type": "renderModule",
          "assetId": "VSGgb2kt-DF_",
          "checksum": "349658591e4c0c9a960a36cdb3d9c5ba"
        },
        {
          "type": "cssRules",
          "assetId": "VSGgb2kt-DF_",
          "checksum": "349658591e4c0c9a960a36cdb3d9c5ba"
        },
        {
          "assetId": "xjJmhphuHcHSM5opr8Lg1q",
          "type": "projectCss",
          "checksum": "ada4d42955d2043e1f6471a174b6ff80"
        },
        {
          "type": "image",
          "assetId": "C82DaWvArzTM",
          "checksum": "381ab7e7e9762effaeb62ce0f296d25a"
        },
        {
          "type": "image",
          "assetId": "e4SDNnLB1gmW",
          "checksum": "0003c2bfc76dab528aca9dde12a17b12"
        }
      ],
      "codegenVersion": "0.0.2"
    }
  ],
  "cliVersion": "0.1.342"
}
